
Microsoft Visual Studio Solution File, Format Version 12.00
# Visual Studio Version 16
VisualStudioVersion = 16.0.34114.132
MinimumVisualStudioVersion = 10.0.40219.1
Project("{FAE04EC0-301F-11D3-BF4B-00C04F79EFBC}") = "circus_praktica", "circus_praktica\circus_praktica.csproj", "{A30CDEB2-E8B9-4998-9263-41243F5542E2}"
EndProject
Global
	GlobalSection(SolutionConfigurationPlatforms) = preSolution
		Debug|Any CPU = Debug|Any CPU
		Release|Any CPU = Release|Any CPU
	EndGlobalSection
	GlobalSection(ProjectConfigurationPlatforms) = postSolution
		{A30CDEB2-E8B9-4998-9263-41243F5542E2}.Debug|Any CPU.ActiveCfg = Debug|Any CPU
		{A30CDEB2-E8B9-4998-9263-41243F5542E2}.Debug|Any CPU.Build.0 = Debug|Any CPU
		{A30CDEB2-E8B9-4998-9263-41243F5542E2}.Release|Any CPU.ActiveCfg = Release|Any CPU
		{A30CDEB2-E8B9-4998-9263-41243F5542E2}.Release|Any CPU.Build.0 = Release|Any CPU
	EndGlobalSection
	GlobalSection(SolutionProperties) = preSolution
		HideSolutionNode = FALSE
	EndGlobalSection
	GlobalSection(ExtensibilityGlobals) = postSolution
		SolutionGuid = {27EC2312-A955-4485-8C57-517F8A2D3486}
	EndGlobalSection
EndGlobal
